// !$*UTF8*$!
{
	archiveVersion = 1;
	classes = {
	};
	objectVersion = 56;
	objects = {

/* Begin PBXBuildFile section */
		F3BBBFA32C651E040073B6DF /* CalendarViewApp.swift in Sources */ = {isa = PBXBuildFile; fileRef = F3BBBFA22C651E040073B6DF /* CalendarViewApp.swift */; };
		F3BBBFA52C651E040073B6DF /* ContentView.swift in Sources */ = {isa = PBXBuildFile; fileRef = F3BBBFA42C651E040073B6DF /* ContentView.swift */; };
		F3BBBFA72C651E060073B6DF /* Assets.xcassets in Resources */ = {isa = PBXBuildFile; fileRef = F3BBBFA62C651E060073B6DF /* Assets.xcassets */; };
		F3BBBFAA2C651E060073B6DF /* Preview Assets.xcassets in Resources */ = {isa = PBXBuildFile; fileRef = F3BBBFA92C651E060073B6DF /* Preview Assets.xcassets */; };
		F3BBBFB42C651E060073B6DF /* CalendarViewTests.swift in Sources */ = {isa = PBXBuildFile; fileRef = F3BBBFB32C651E060073B6DF /* CalendarViewTests.swift */; };
		F3BBBFBE2C651E060073B6DF /* CalendarViewUITests.swift in Sources */ = {isa = PBXBuildFile; fileRef = F3BBBFBD2C651E060073B6DF /* CalendarViewUITests.swift */; };
		F3BBBFC02C651E060073B6DF /* CalendarViewUITestsLaunchTests.swift in Sources */ = {isa = PBXBuildFile; fileRef = F3BBBFBF2C651E060073B6DF /* CalendarViewUITestsLaunchTests.swift */; };
/* End PBXBuildFile section */

/* Begin PBXContainerItemProxy section */
		F3BBBFB02C651E060073B6DF /* PBXContainerItemProxy */ = {
			isa = PBXContainerItemProxy;
			containerPortal = F3BBBF972C651E040073B6DF /* Project object */;
			proxyType = 1;
			remoteGlobalIDString = F3BBBF9E2C651E040073B6DF;
			remoteInfo = CalendarView;
		};
		F3BBBFBA2C651E060073B6DF /* PBXContainerItemProxy */ = {
			isa = PBXContainerItemProxy;
			containerPortal = F3BBBF972C651E040073B6DF /* Project object */;
			proxyType = 1;
			remoteGlobalIDString = F3BBBF9E2C651E040073B6DF;
			remoteInfo = CalendarView;
		};
/* End PBXContainerItemProxy section */

/* Begin PBXFileReference section */
		F3BBBF9F2C651E040073B6DF /* CalendarView.app */ = {isa = PBXFileReference; explicitFileType = wrapper.application; includeInIndex = 0; path = CalendarView.app; sourceTree = BUILT_PRODUCTS_DIR; };
		F3BBBFA22C651E040073B6DF /* CalendarViewApp.swift */ = {isa = PBXFileReference; lastKnownFileType = sourcecode.swift; path = CalendarViewApp.swift; sourceTree = "<group>"; };
		F3BBBFA42C651E040073B6DF /* ContentView.swift */ = {isa = PBXFileReference; lastKnownFileType = sourcecode.swift; path = ContentView.swift; sourceTree = "<group>"; };
		F3BBBFA62C651E060073B6DF /* Assets.xcassets */ = {isa = PBXFileReference; lastKnownFileType = folder.assetcatalog; path = Assets.xcassets; sourceTree = "<group>"; };
		F3BBBFA92C651E060073B6DF /* Preview Assets.xcassets */ = {isa = PBXFileReference; lastKnownFileType = folder.assetcatalog; path = "Preview Assets.xcassets"; sourceTree = "<group>"; };
		F3BBBFAF2C651E060073B6DF /* CalendarViewTests.xctest */ = {isa = PBXFileReference; explicitFileType = wrapper.cfbundle; includeInIndex = 0; path = CalendarViewTests.xctest; sourceTree = BUILT_PRODUCTS_DIR; };
		F3BBBFB32C651E060073B6DF /* CalendarViewTests.swift */ = {isa = PBXFileReference; lastKnownFileType = sourcecode.swift; path = CalendarViewTests.swift; sourceTree = "<group>"; };
		F3BBBFB92C651E060073B6DF /* CalendarViewUITests.xctest */ = {isa = PBXFileReference; explicitFileType = wrapper.cfbundle; includeInIndex = 0; path = CalendarViewUITests.xctest; sourceTree = BUILT_PRODUCTS_DIR; };
		F3BBBFBD2C651E060073B6DF /* CalendarViewUITests.swift */ = {isa = PBXFileReference; lastKnownFileType = sourcecode.swift; path = CalendarViewUITests.swift; sourceTree = "<group>"; };
		F3BBBFBF2C651E060073B6DF /* CalendarViewUITestsLaunchTests.swift */ = {isa = PBXFileReference; lastKnownFileType = sourcecode.swift; path = CalendarViewUITestsLaunchTests.swift; sourceTree = "<group>"; };
/* End PBXFileReference section */

/* Begin PBXFrameworksBuildPhase section */
		F3BBBF9C2C651E040073B6DF /* Frameworks */ = {
			isa = PBXFrameworksBuildPhase;
			buildActionMask = 2147483647;
			files = (
			);
			runOnlyForDeploymentPostprocessing = 0;
		};
		F3BBBFAC2C651E060073B6DF /* Frameworks */ = {
			isa = PBXFrameworksBuildPhase;
			buildActionMask = 2147483647;
			files = (
			);
			runOnlyForDeploymentPostprocessing = 0;
		};
		F3BBBFB62C651E060073B6DF /* Frameworks */ = {
			isa = PBXFrameworksBuildPhase;
			buildActionMask = 2147483647;
			files = (
			);
			runOnlyForDeploymentPostprocessing = 0;
		};
/* End PBXFrameworksBuildPhase section */

/* Begin PBXGroup section */
		F3BBBF962C651E040073B6DF = {
			isa = PBXGroup;
			children = (
				F3BBBFA12C651E040073B6DF /* CalendarView */,
				F3BBBFB22C651E060073B6DF /* CalendarViewTests */,
				F3BBBFBC2C651E060073B6DF /* CalendarViewUITests */,
				F3BBBFA02C651E040073B6DF /* Products */,
			);
			sourceTree = "<group>";
		};
		F3BBBFA02C651E040073B6DF /* Products */ = {
			isa = PBXGroup;
			children = (
				F3BBBF9F2C651E040073B6DF /* CalendarView.app */,
				F3BBBFAF2C651E060073B6DF /* CalendarViewTests.xctest */,
				F3BBBFB92C651E060073B6DF /* CalendarViewUITests.xctest */,
			);
			name = Products;
			sourceTree = "<group>";
		};
		F3BBBFA12C651E040073B6DF /* CalendarView */ = {
			isa = PBXGroup;
			children = (
				F3BBBFA22C651E040073B6DF /* CalendarViewApp.swift */,
				F3BBBFA42C651E040073B6DF /* ContentView.swift */,
				F3BBBFA62C651E060073B6DF /* Assets.xcassets */,
				F3BBBFA82C651E060073B6DF /* Preview Content */,
			);
			path = CalendarView;
			sourceTree = "<group>";
		};
		F3BBBFA82C651E060073B6DF /* Preview Content */ = {
			isa = PBXGroup;
			children = (
				F3BBBFA92C651E060073B6DF /* Preview Assets.xcassets */,
			);
			path = "Preview Content";
			sourceTree = "<group>";
		};
		F3BBBFB22C651E060073B6DF /* CalendarViewTests */ = {
			isa = PBXGroup;
			children = (
				F3BBBFB32C651E060073B6DF /* CalendarViewTests.swift */,
			);
			path = CalendarViewTests;
			sourceTree = "<group>";
		};
		F3BBBFBC2C651E060073B6DF /* CalendarViewUITests */ = {
			isa = PBXGroup;
			children = (
				F3BBBFBD2C651E060073B6DF /* CalendarViewUITests.swift */,
				F3BBBFBF2C651E060073B6DF /* CalendarViewUITestsLaunchTests.swift */,
			);
			path = CalendarViewUITests;
			sourceTree = "<group>";
		};
/* End PBXGroup section */

/* Begin PBXNativeTarget section */
		F3BBBF9E2C651E040073B6DF /* CalendarView */ = {
			isa = PBXNativeTarget;
			buildConfigurationList = F3BBBFC32C651E060073B6DF /* Build configuration list for PBXNativeTarget "CalendarView" */;
			buildPhases = (
				F3BBBF9B2C651E040073B6DF /* Sources */,
				F3BBBF9C2C651E040073B6DF /* Frameworks */,
				F3BBBF9D2C651E040073B6DF /* Resources */,
			);
			buildRules = (
			);
			dependencies = (
			);
			name = CalendarView;
			productName = CalendarView;
			productReference = F3BBBF9F2C651E040073B6DF /* CalendarView.app */;
			productType = "com.apple.product-type.application";
		};
		F3BBBFAE2C651E060073B6DF /* CalendarViewTests */ = {
			isa = PBXNativeTarget;
			buildConfigurationList = F3BBBFC62C651E060073B6DF /* Build configuration list for PBXNativeTarget "CalendarViewTests" */;
			buildPhases = (
				F3BBBFAB2C651E060073B6DF /* Sources */,
				F3BBBFAC2C651E060073B6DF /* Frameworks */,
				F3BBBFAD2C651E060073B6DF /* Resources */,
			);
			buildRules = (
			);
			dependencies = (
				F3BBBFB12C651E060073B6DF /* PBXTargetDependency */,
			);
			name = CalendarViewTests;
			productName = CalendarViewTests;
			productReference = F3BBBFAF2C651E060073B6DF /* CalendarViewTests.xctest */;
			productType = "com.apple.product-type.bundle.unit-test";
		};
		F3BBBFB82C651E060073B6DF /* CalendarViewUITests */ = {
			isa = PBXNativeTarget;
			buildConfigurationList = F3BBBFC92C651E060073B6DF /* Build configuration list for PBXNativeTarget "CalendarViewUITests" */;
			buildPhases = (
				F3BBBFB52C651E060073B6DF /* Sources */,
				F3BBBFB62C651E060073B6DF /* Frameworks */,
				F3BBBFB72C651E060073B6DF /* Resources */,
			);
			buildRules = (
			);
			dependencies = (
				F3BBBFBB2C651E060073B6DF /* PBXTargetDependency */,
			);
			name = CalendarViewUITests;
			productName = CalendarViewUITests;
			productReference = F3BBBFB92C651E060073B6DF /* CalendarViewUITests.xctest */;
			productType = "com.apple.product-type.bundle.ui-testing";
		};
/* End PBXNativeTarget section */

/* Begin PBXProject section */
		F3BBBF972C651E040073B6DF /* Project object */ = {
			isa = PBXProject;
			attributes = {
				BuildIndependentTargetsInParallel = 1;
				LastSwiftUpdateCheck = 1510;
				LastUpgradeCheck = 1510;
				TargetAttributes = {
					F3BBBF9E2C651E040073B6DF = {
						CreatedOnToolsVersion = 15.1;
					};
					F3BBBFAE2C651E060073B6DF = {
						CreatedOnToolsVersion = 15.1;
						TestTargetID = F3BBBF9E2C651E040073B6DF;
					};
					F3BBBFB82C651E060073B6DF = {
						CreatedOnToolsVersion = 15.1;
						TestTargetID = F3BBBF9E2C651E040073B6DF;
					};
				};
			};
			buildConfigurationList = F3BBBF9A2C651E040073B6DF /* Build configuration list for PBXProject "CalendarView" */;
			compatibilityVersion = "Xcode 14.0";
			developmentRegion = en;
			hasScannedForEncodings = 0;
			knownRegions = (
				en,
				Base,
			);
			mainGroup = F3BBBF962C651E040073B6DF;
			productRefGroup = F3BBBFA02C651E040073B6DF /* Products */;
			projectDirPath = "";
			projectRoot = "";
			targets = (
				F3BBBF9E2C651E040073B6DF /* CalendarView */,
				F3BBBFAE2C651E060073B6DF /* CalendarViewTests */,
				F3BBBFB82C651E060073B6DF /* CalendarViewUITests */,
			);
		};
/* End PBXProject section */

/* Begin PBXResourcesBuildPhase section */
		F3BBBF9D2C651E040073B6DF /* Resources */ = {
			isa = PBXResourcesBuildPhase;
			buildActionMask = 2147483647;
			files = (
				F3BBBFAA2C651E060073B6DF /* Preview Assets.xcassets in Resources */,
				F3BBBFA72C651E060073B6DF /* Assets.xcassets in Resources */,
			);
			runOnlyForDeploymentPostprocessing = 0;
		};
		F3BBBFAD2C651E060073B6DF /* Resources */ = {
			isa = PBXResourcesBuildPhase;
			buildActionMask = 2147483647;
			files = (
			);
			runOnlyForDeploymentPostprocessing = 0;
		};
		F3BBBFB72C651E060073B6DF /* Resources */ = {
			isa = PBXResourcesBuildPhase;
			buildActionMask = 2147483647;
			files = (
			);
			runOnlyForDeploymentPostprocessing = 0;
		};
/* End PBXResourcesBuildPhase section */

/* Begin PBXSourcesBuildPhase section */
		F3BBBF9B2C651E040073B6DF /* Sources */ = {
			isa = PBXSourcesBuildPhase;
			buildActionMask = 2147483647;
			files = (
				F3BBBFA52C651E040073B6DF /* ContentView.swift in Sources */,
				F3BBBFA32C651E040073B6DF /* CalendarViewApp.swift in Sources */,
			);
			runOnlyForDeploymentPostprocessing = 0;
		};
		F3BBBFAB2C651E060073B6DF /* Sources */ = {
			isa = PBXSourcesBuildPhase;
			buildActionMask = 2147483647;
			files = (
				F3BBBFB42C651E060073B6DF /* CalendarViewTests.swift in Sources */,
			);
			runOnlyForDeploymentPostprocessing = 0;
		};
		F3BBBFB52C651E060073B6DF /* Sources */ = {
			isa = PBXSourcesBuildPhase;
			buildActionMask = 2147483647;
			files = (
				F3BBBFBE2C651E060073B6DF /* CalendarViewUITests.swift in Sources */,
				F3BBBFC02C651E060073B6DF /* CalendarViewUITestsLaunchTests.swift in Sources */,
			);
			runOnlyForDeploymentPostprocessing = 0;
		};
/* End PBXSourcesBuildPhase section */

/* Begin PBXTargetDependency section */
		F3BBBFB12C651E060073B6DF /* PBXTargetDependency */ = {
			isa = PBXTargetDependency;
			target = F3BBBF9E2C651E040073B6DF /* CalendarView */;
			targetProxy = F3BBBFB02C651E060073B6DF /* PBXContainerItemProxy */;
		};
		F3BBBFBB2C651E060073B6DF /* PBXTargetDependency */ = {
			isa = PBXTargetDependency;
			target = F3BBBF9E2C651E040073B6DF /* CalendarView */;
			targetProxy = F3BBBFBA2C651E060073B6DF /* PBXContainerItemProxy */;
		};
/* End PBXTargetDependency section */

/* Begin XCBuildConfiguration section */
		F3BBBFC12C651E060073B6DF /* Debug */ = {
			isa = XCBuildConfiguration;
			buildSettings = {
				ALWAYS_SEARCH_USER_PATHS = NO;
				ASSETCATALOG_COMPILER_GENERATE_SWIFT_ASSET_SYMBOL_EXTENSIONS = YES;
				CLANG_ANALYZER_NONNULL = YES;
				CLANG_ANALYZER_NUMBER_OBJECT_CONVERSION = YES_AGGRESSIVE;
				CLANG_CXX_LANGUAGE_STANDARD = "gnu++20";
				CLANG_ENABLE_MODULES = YES;
				CLANG_ENABLE_OBJC_ARC = YES;
				CLANG_ENABLE_OBJC_WEAK = YES;
				CLANG_WARN_BLOCK_CAPTURE_AUTORELEASING = YES;
				CLANG_WARN_BOOL_CONVERSION = YES;
				CLANG_WARN_COMMA = YES;
				CLANG_WARN_CONSTANT_CONVERSION = YES;
				CLANG_WARN_DEPRECATED_OBJC_IMPLEMENTATIONS = YES;
				CLANG_WARN_DIRECT_OBJC_ISA_USAGE = YES_ERROR;
				CLANG_WARN_DOCUMENTATION_COMMENTS = YES;
				CLANG_WARN_EMPTY_BODY = YES;
				CLANG_WARN_ENUM_CONVERSION = YES;
				CLANG_WARN_INFINITE_RECURSION = YES;
				CLANG_WARN_INT_CONVERSION = YES;
				CLANG_WARN_NON_LITERAL_NULL_CONVERSION = YES;
				CLANG_WARN_OBJC_IMPLICIT_RETAIN_SELF = YES;
				CLANG_WARN_OBJC_LITERAL_CONVERSION = YES;
				CLANG_WARN_OBJC_ROOT_CLASS = YES_ERROR;
				CLANG_WARN_QUOTED_INCLUDE_IN_FRAMEWORK_HEADER = YES;
				CLANG_WARN_RANGE_LOOP_ANALYSIS = YES;
				CLANG_WARN_STRICT_PROTOTYPES = YES;
				CLANG_WARN_SUSPICIOUS_MOVE = YES;
				CLANG_WARN_UNGUARDED_AVAILABILITY = YES_AGGRESSIVE;
				CLANG_WARN_UNREACHABLE_CODE = YES;
				CLANG_WARN__DUPLICATE_METHOD_MATCH = YES;
				COPY_PHASE_STRIP = NO;
				DEBUG_INFORMATION_FORMAT = dwarf;
				ENABLE_STRICT_OBJC_MSGSEND = YES;
				ENABLE_TESTABILITY = YES;
				ENABLE_USER_SCRIPT_SANDBOXING = YES;
				GCC_C_LANGUAGE_STANDARD = gnu17;
				GCC_DYNAMIC_NO_PIC = NO;
				GCC_NO_COMMON_BLOCKS = YES;
				GCC_OPTIMIZATION_LEVEL = 0;
				GCC_PREPROCESSOR_DEFINITIONS = (
					"DEBUG=1",
					"$(inherited)",
				);
				GCC_WARN_64_TO_32_BIT_CONVERSION = YES;
				GCC_WARN_ABOUT_RETURN_TYPE = YES_ERROR;
				GCC_WARN_UNDECLARED_SELECTOR = YES;
				GCC_WARN_UNINITIALIZED_AUTOS = YES_AGGRESSIVE;
				GCC_WARN_UNUSED_FUNCTION = YES;
				GCC_WARN_UNUSED_VARIABLE = YES;
				IPHONEOS_DEPLOYMENT_TARGET = 17.2;
				LOCALIZATION_PREFERS_STRING_CATALOGS = YES;
				MTL_ENABLE_DEBUG_INFO = INCLUDE_SOURCE;
				MTL_FAST_MATH = YES;
				ONLY_ACTIVE_ARCH = YES;
				SDKROOT = iphoneos;
				SWIFT_ACTIVE_COMPILATION_CONDITIONS = "DEBUG $(inherited)";
				SWIFT_OPTIMIZATION_LEVEL = "-Onone";
			};
			name = Debug;
		};
		F3BBBFC22C651E060073B6DF /* Release */ = {
			isa = XCBuildConfiguration;
			buildSettings = {
				ALWAYS_SEARCH_USER_PATHS = NO;
				ASSETCATALOG_COMPILER_GENERATE_SWIFT_ASSET_SYMBOL_EXTENSIONS = YES;
				CLANG_ANALYZER_NONNULL = YES;
				CLANG_ANALYZER_NUMBER_OBJECT_CONVERSION = YES_AGGRESSIVE;
				CLANG_CXX_LANGUAGE_STANDARD = "gnu++20";
				CLANG_ENABLE_MODULES = YES;
				CLANG_ENABLE_OBJC_ARC = YES;
				CLANG_ENABLE_OBJC_WEAK = YES;
				CLANG_WARN_BLOCK_CAPTURE_AUTORELEASING = YES;
				CLANG_WARN_BOOL_CONVERSION = YES;
				CLANG_WARN_COMMA = YES;
				CLANG_WARN_CONSTANT_CONVERSION = YES;
				CLANG_WARN_DEPRECATED_OBJC_IMPLEMENTATIONS = YES;
				CLANG_WARN_DIRECT_OBJC_ISA_USAGE = YES_ERROR;
				CLANG_WARN_DOCUMENTATION_COMMENTS = YES;
				CLANG_WARN_EMPTY_BODY = YES;
				CLANG_WARN_ENUM_CONVERSION = YES;
				CLANG_WARN_INFINITE_RECURSION = YES;
				CLANG_WARN_INT_CONVERSION = YES;
				CLANG_WARN_NON_LITERAL_NULL_CONVERSION = YES;
				CLANG_WARN_OBJC_IMPLICIT_RETAIN_SELF = YES;
				CLANG_WARN_OBJC_LITERAL_CONVERSION = YES;
				CLANG_WARN_OBJC_ROOT_CLASS = YES_ERROR;
				CLANG_WARN_QUOTED_INCLUDE_IN_FRAMEWORK_HEADER = YES;
				CLANG_WARN_RANGE_LOOP_ANALYSIS = YES;
				CLANG_WARN_STRICT_PROTOTYPES = YES;
				CLANG_WARN_SUSPICIOUS_MOVE = YES;
				CLANG_WARN_UNGUARDED_AVAILABILITY = YES_AGGRESSIVE;
				CLANG_WARN_UNREACHABLE_CODE = YES;
				CLANG_WARN__DUPLICATE_METHOD_MATCH = YES;
				COPY_PHASE_STRIP = NO;
				DEBUG_INFORMATION_FORMAT = "dwarf-with-dsym";
				ENABLE_NS_ASSERTIONS = NO;
				ENABLE_STRICT_OBJC_MSGSEND = YES;
				ENABLE_USER_SCRIPT_SANDBOXING = YES;
				GCC_C_LANGUAGE_STANDARD = gnu17;
				GCC_NO_COMMON_BLOCKS = YES;
				GCC_WARN_64_TO_32_BIT_CONVERSION = YES;
				GCC_WARN_ABOUT_RETURN_TYPE = YES_ERROR;
				GCC_WARN_UNDECLARED_SELECTOR = YES;
				GCC_WARN_UNINITIALIZED_AUTOS = YES_AGGRESSIVE;
				GCC_WARN_UNUSED_FUNCTION = YES;
				GCC_WARN_UNUSED_VARIABLE = YES;
				IPHONEOS_DEPLOYMENT_TARGET = 17.2;
				LOCALIZATION_PREFERS_STRING_CATALOGS = YES;
				MTL_ENABLE_DEBUG_INFO = NO;
				MTL_FAST_MATH = YES;
				SDKROOT = iphoneos;
				SWIFT_COMPILATION_MODE = wholemodule;
				VALIDATE_PRODUCT = YES;
			};
			name = Release;
		};
		F3BBBFC42C651E060073B6DF /* Debug */ = {
			isa = XCBuildConfiguration;
			buildSettings = {
				ASSETCATALOG_COMPILER_APPICON_NAME = AppIcon;
				ASSETCATALOG_COMPILER_GLOBAL_ACCENT_COLOR_NAME = AccentColor;
				CODE_SIGN_STYLE = Automatic;
				CURRENT_PROJECT_VERSION = 1;
				DEVELOPMENT_ASSET_PATHS = "\"CalendarView/Preview Content\"";
				DEVELOPMENT_TEAM = P2K29ABD76;
				ENABLE_PREVIEWS = YES;
				GENERATE_INFOPLIST_FILE = YES;
				INFOPLIST_KEY_UIApplicationSceneManifest_Generation = YES;
				INFOPLIST_KEY_UIApplicationSupportsIndirectInputEvents = YES;
				INFOPLIST_KEY_UILaunchScreen_Generation = YES;
				INFOPLIST_KEY_UISupportedInterfaceOrientations_iPad = "UIInterfaceOrientationPortrait UIInterfaceOrientationPortraitUpsideDown UIInterfaceOrientationLandscapeLeft UIInterfaceOrientationLandscapeRight";
				INFOPLIST_KEY_UISupportedInterfaceOrientations_iPhone = "UIInterfaceOrientationPortrait UIInterfaceOrientationLandscapeLeft UIInterfaceOrientationLandscapeRight";
				LD_RUNPATH_SEARCH_PATHS = (
					"$(inherited)",
					"@executable_path/Frameworks",
				);
				MARKETING_VERSION = 1.0;
				PRODUCT_BUNDLE_IDENTIFIER = com.uworld.CalendarView;
				PRODUCT_NAME = "$(TARGET_NAME)";
				SWIFT_EMIT_LOC_STRINGS = YES;
				SWIFT_VERSION = 5.0;
				TARGETED_DEVICE_FAMILY = "1,2";
			};
			name = Debug;
		};
		F3BBBFC52C651E060073B6DF /* Release */ = {
			isa = XCBuildConfiguration;
			buildSettings = {
				ASSETCATALOG_COMPILER_APPICON_NAME = AppIcon;
				ASSETCATALOG_COMPILER_GLOBAL_ACCENT_COLOR_NAME = AccentColor;
				CODE_SIGN_STYLE = Automatic;
				CURRENT_PROJECT_VERSION = 1;
				DEVELOPMENT_ASSET_PATHS = "\"CalendarView/Preview Content\"";
				DEVELOPMENT_TEAM = P2K29ABD76;
				ENABLE_PREVIEWS = YES;
				GENERATE_INFOPLIST_FILE = YES;
				INFOPLIST_KEY_UIApplicationSceneManifest_Generation = YES;
				INFOPLIST_KEY_UIApplicationSupportsIndirectInputEvents = YES;
				INFOPLIST_KEY_UILaunchScreen_Generation = YES;
				INFOPLIST_KEY_UISupportedInterfaceOrientations_iPad = "UIInterfaceOrientationPortrait UIInterfaceOrientationPortraitUpsideDown UIInterfaceOrientationLandscapeLeft UIInterfaceOrientationLandscapeRight";
				INFOPLIST_KEY_UISupportedInterfaceOrientations_iPhone = "UIInterfaceOrientationPortrait UIInterfaceOrientationLandscapeLeft UIInterfaceOrientationLandscapeRight";
				LD_RUNPATH_SEARCH_PATHS = (
					"$(inherited)",
					"@executable_path/Frameworks",
				);
				MARKETING_VERSION = 1.0;
				PRODUCT_BUNDLE_IDENTIFIER = com.uworld.CalendarView;
				PRODUCT_NAME = "$(TARGET_NAME)";
				SWIFT_EMIT_LOC_STRINGS = YES;
				SWIFT_VERSION = 5.0;
				TARGETED_DEVICE_FAMILY = "1,2";
			};
			name = Release;
		};
		F3BBBFC72C651E060073B6DF /* Debug */ = {
			isa = XCBuildConfiguration;
			buildSettings = {
				ALWAYS_EMBED_SWIFT_STANDARD_LIBRARIES = YES;
				BUNDLE_LOADER = "$(TEST_HOST)";
				CODE_SIGN_STYLE = Automatic;
				CURRENT_PROJECT_VERSION = 1;
				DEVELOPMENT_TEAM = P2K29ABD76;
				GENERATE_INFOPLIST_FILE = YES;
				IPHONEOS_DEPLOYMENT_TARGET = 17.2;
				MARKETING_VERSION = 1.0;
				PRODUCT_BUNDLE_IDENTIFIER = com.uworld.CalendarViewTests;
				PRODUCT_NAME = "$(TARGET_NAME)";
				SWIFT_EMIT_LOC_STRINGS = NO;
				SWIFT_VERSION = 5.0;
				TARGETED_DEVICE_FAMILY = "1,2";
				TEST_HOST = "$(BUILT_PRODUCTS_DIR)/CalendarView.app/$(BUNDLE_EXECUTABLE_FOLDER_PATH)/CalendarView";
			};
			name = Debug;
		};
		F3BBBFC82C651E060073B6DF /* Release */ = {
			isa = XCBuildConfiguration;
			buildSettings = {
				ALWAYS_EMBED_SWIFT_STANDARD_LIBRARIES = YES;
				BUNDLE_LOADER = "$(TEST_HOST)";
				CODE_SIGN_STYLE = Automatic;
				CURRENT_PROJECT_VERSION = 1;
				DEVELOPMENT_TEAM = P2K29ABD76;
				GENERATE_INFOPLIST_FILE = YES;
				IPHONEOS_DEPLOYMENT_TARGET = 17.2;
				MARKETING_VERSION = 1.0;
				PRODUCT_BUNDLE_IDENTIFIER = com.uworld.CalendarViewTests;
				PRODUCT_NAME = "$(TARGET_NAME)";
				SWIFT_EMIT_LOC_STRINGS = NO;
				SWIFT_VERSION = 5.0;
				TARGETED_DEVICE_FAMILY = "1,2";
				TEST_HOST = "$(BUILT_PRODUCTS_DIR)/CalendarView.app/$(BUNDLE_EXECUTABLE_FOLDER_PATH)/CalendarView";
			};
			name = Release;
		};
		F3BBBFCA2C651E060073B6DF /* Debug */ = {
			isa = XCBuildConfiguration;
			buildSettings = {
				ALWAYS_EMBED_SWIFT_STANDARD_LIBRARIES = YES;
				CODE_SIGN_STYLE = Automatic;
				CURRENT_PROJECT_VERSION = 1;
				DEVELOPMENT_TEAM = P2K29ABD76;
				GENERATE_INFOPLIST_FILE = YES;
				MARKETING_VERSION = 1.0;
				PRODUCT_BUNDLE_IDENTIFIER = com.uworld.CalendarViewUITests;
				PRODUCT_NAME = "$(TARGET_NAME)";
				SWIFT_EMIT_LOC_STRINGS = NO;
				SWIFT_VERSION = 5.0;
				TARGETED_DEVICE_FAMILY = "1,2";
				TEST_TARGET_NAME = CalendarView;
			};
			name = Debug;
		};
		F3BBBFCB2C651E060073B6DF /* Release */ = {
			isa = XCBuildConfiguration;
			buildSettings = {
				ALWAYS_EMBED_SWIFT_STANDARD_LIBRARIES = YES;
				CODE_SIGN_STYLE = Automatic;
				CURRENT_PROJECT_VERSION = 1;
				DEVELOPMENT_TEAM = P2K29ABD76;
				GENERATE_INFOPLIST_FILE = YES;
				MARKETING_VERSION = 1.0;
				PRODUCT_BUNDLE_IDENTIFIER = com.uworld.CalendarViewUITests;
				PRODUCT_NAME = "$(TARGET_NAME)";
				SWIFT_EMIT_LOC_STRINGS = NO;
				SWIFT_VERSION = 5.0;
				TARGETED_DEVICE_FAMILY = "1,2";
				TEST_TARGET_NAME = CalendarView;
			};
			name = Release;
		};
/* End XCBuildConfiguration section */

/* Begin XCConfigurationList section */
		F3BBBF9A2C651E040073B6DF /* Build configuration list for PBXProject "CalendarView" */ = {
			isa = XCConfigurationList;
			buildConfigurations = (
				F3BBBFC12C651E060073B6DF /* Debug */,
				F3BBBFC22C651E060073B6DF /* Release */,
			);
			defaultConfigurationIsVisible = 0;
			defaultConfigurationName = Release;
		};
		F3BBBFC32C651E060073B6DF /* Build configuration list for PBXNativeTarget "CalendarView" */ = {
			isa = XCConfigurationList;
			buildConfigurations = (
				F3BBBFC42C651E060073B6DF /* Debug */,
				F3BBBFC52C651E060073B6DF /* Release */,
			);
			defaultConfigurationIsVisible = 0;
			defaultConfigurationName = Release;
		};
		F3BBBFC62C651E060073B6DF /* Build configuration list for PBXNativeTarget "CalendarViewTests" */ = {
			isa = XCConfigurationList;
			buildConfigurations = (
				F3BBBFC72C651E060073B6DF /* Debug */,
				F3BBBFC82C651E060073B6DF /* Release */,
			);
			defaultConfigurationIsVisible = 0;
			defaultConfigurationName = Release;
		};
		F3BBBFC92C651E060073B6DF /* Build configuration list for PBXNativeTarget "CalendarViewUITests" */ = {
			isa = XCConfigurationList;
			buildConfigurations = (
				F3BBBFCA2C651E060073B6DF /* Debug */,
				F3BBBFCB2C651E060073B6DF /* Release */,
			);
			defaultConfigurationIsVisible = 0;
			defaultConfigurationName = Release;
		};
/* End XCConfigurationList section */
	};
	rootObject = F3BBBF972C651E040073B6DF /* Project object */;
}
